
Microsoft Visual Studio Solution File, Format Version 12.00
# Visual Studio Version 17
VisualStudioVersion = 17.9.34622.214
MinimumVisualStudioVersion = 10.0.40219.1
Project("{FAE04EC0-301F-11D3-BF4B-00C04F79EFBC}") = "Checkin", "Checkin\Checkin.csproj", "{95E3F6EB-27E8-4CE7-8CE0-1A7A84A6AFAC}"
EndProject
Global
	GlobalSection(SolutionConfigurationPlatforms) = preSolution
		Debug|Any CPU = Debug|Any CPU
		Release|Any CPU = Release|Any CPU
	EndGlobalSection
	GlobalSection(ProjectConfigurationPlatforms) = postSolution
		{95E3F6EB-27E8-4CE7-8CE0-1A7A84A6AFAC}.Debug|Any CPU.ActiveCfg = Debug|Any CPU
		{95E3F6EB-27E8-4CE7-8CE0-1A7A84A6AFAC}.Debug|Any CPU.Build.0 = Debug|Any CPU
		{95E3F6EB-27E8-4CE7-8CE0-1A7A84A6AFAC}.Release|Any CPU.ActiveCfg = Release|Any CPU
		{95E3F6EB-27E8-4CE7-8CE0-1A7A84A6AFAC}.Release|Any CPU.Build.0 = Release|Any CPU
	EndGlobalSection
	GlobalSection(SolutionProperties) = preSolution
		HideSolutionNode = FALSE
	EndGlobalSection
	GlobalSection(ExtensibilityGlobals) = postSolution
		SolutionGuid = {80ACF79E-068F-4B73-A17E-A9D19CE2C961}
	EndGlobalSection
EndGlobal
